
Microsoft Visual Studio Solution File, Format Version 12.00
# Visual Studio 14
VisualStudioVersion = 14.0.25420.1
MinimumVisualStudioVersion = 10.0.40219.1
Project("{FAE04EC0-301F-11D3-BF4B-00C04F79EFBC}") = "SideMenuExample", "SideMenuExample\SideMenuExample\SideMenuExample.csproj", "{6BBA25DF-C691-4F59-B79A-BF0946C5727A}"
EndProject
Project("{FAE04EC0-301F-11D3-BF4B-00C04F79EFBC}") = "SideMenuExample.Droid", "SideMenuExample\SideMenuExample.Droid\SideMenuExample.Droid.csproj", "{CBE26F09-00C8-4E70-937A-0E7BD7B14341}"
EndProject
Project("{FAE04EC0-301F-11D3-BF4B-00C04F79EFBC}") = "SideMenuExample.iOS", "SideMenuExample\SideMenuExample.iOS\SideMenuExample.iOS.csproj", "{C92E3F3A-0F10-4048-9DEB-2AB4D6A70E0D}"
EndProject
Project("{FAE04EC0-301F-11D3-BF4B-00C04F79EFBC}") = "SideMenuExample.WinPhone", "SideMenuExample\SideMenuExample.WinPhone\SideMenuExample.WinPhone.csproj", "{8760385A-0079-40A2-86A1-DBF02FE9888A}"
EndProject
Project("{FAE04EC0-301F-11D3-BF4B-00C04F79EFBC}") = "SideMenuExample.UWP", "SideMenuExample\SideMenuExample.UWP\SideMenuExample.UWP.csproj", "{71A54C0E-0B37-4C94-965E-334735F5FCCE}"
EndProject
Project("{FAE04EC0-301F-11D3-BF4B-00C04F79EFBC}") = "SideMenuExample.Windows", "SideMenuExample\SideMenuExample.Windows\SideMenuExample.Windows.csproj", "{E0B54D80-F96A-4E64-8D8F-F6F6ADCE1E5C}"
EndProject
Global
	GlobalSection(SolutionConfigurationPlatforms) = preSolution
		Ad-Hoc|Any CPU = Ad-Hoc|Any CPU
		Ad-Hoc|ARM = Ad-Hoc|ARM
		Ad-Hoc|iPhone = Ad-Hoc|iPhone
		Ad-Hoc|iPhoneSimulator = Ad-Hoc|iPhoneSimulator
		Ad-Hoc|x64 = Ad-Hoc|x64
		Ad-Hoc|x86 = Ad-Hoc|x86
		AppStore|Any CPU = AppStore|Any CPU
		AppStore|ARM = AppStore|ARM
		AppStore|iPhone = AppStore|iPhone
		AppStore|iPhoneSimulator = AppStore|iPhoneSimulator
		AppStore|x64 = AppStore|x64
		AppStore|x86 = AppStore|x86
		Debug|Any CPU = Debug|Any CPU
		Debug|ARM = Debug|ARM
		Debug|iPhone = Debug|iPhone
		Debug|iPhoneSimulator = Debug|iPhoneSimulator
		Debug|x64 = Debug|x64
		Debug|x86 = Debug|x86
		Release|Any CPU = Release|Any CPU
		Release|ARM = Release|ARM
		Release|iPhone = Release|iPhone
		Release|iPhoneSimulator = Release|iPhoneSimulator
		Release|x64 = Release|x64
		Release|x86 = Release|x86
	EndGlobalSection
	GlobalSection(ProjectConfigurationPlatforms) = postSolution
		{6BBA25DF-C691-4F59-B79A-BF0946C5727A}.Ad-Hoc|Any CPU.ActiveCfg = Release|Any CPU
		{6BBA25DF-C691-4F59-B79A-BF0946C5727A}.Ad-Hoc|Any CPU.Build.0 = Release|Any CPU
		{6BBA25DF-C691-4F59-B79A-BF0946C5727A}.Ad-Hoc|ARM.ActiveCfg = Release|Any CPU
		{6BBA25DF-C691-4F59-B79A-BF0946C5727A}.Ad-Hoc|ARM.Build.0 = Release|Any CPU
		{6BBA25DF-C691-4F59-B79A-BF0946C5727A}.Ad-Hoc|iPhone.ActiveCfg = Release|Any CPU
		{6BBA25DF-C691-4F59-B79A-BF0946C5727A}.Ad-Hoc|iPhone.Build.0 = Release|Any CPU
		{6BBA25DF-C691-4F59-B79A-BF0946C5727A}.Ad-Hoc|iPhoneSimulator.ActiveCfg = Release|Any CPU
		{6BBA25DF-C691-4F59-B79A-BF0946C5727A}.Ad-Hoc|iPhoneSimulator.Build.0 = Release|Any CPU
		{6BBA25DF-C691-4F59-B79A-BF0946C5727A}.Ad-Hoc|x64.ActiveCfg = Release|Any CPU
		{6BBA25DF-C691-4F59-B79A-BF0946C5727A}.Ad-Hoc|x64.Build.0 = Release|Any CPU
		{6BBA25DF-C691-4F59-B79A-BF0946C5727A}.Ad-Hoc|x86.ActiveCfg = Release|Any CPU
		{6BBA25DF-C691-4F59-B79A-BF0946C5727A}.Ad-Hoc|x86.Build.0 = Release|Any CPU
		{6BBA25DF-C691-4F59-B79A-BF0946C5727A}.AppStore|Any CPU.ActiveCfg = Release|Any CPU
		{6BBA25DF-C691-4F59-B79A-BF0946C5727A}.AppStore|Any CPU.Build.0 = Release|Any CPU
		{6BBA25DF-C691-4F59-B79A-BF0946C5727A}.AppStore|ARM.ActiveCfg = Release|Any CPU
		{6BBA25DF-C691-4F59-B79A-BF0946C5727A}.AppStore|ARM.Build.0 = Release|Any CPU
		{6BBA25DF-C691-4F59-B79A-BF0946C5727A}.AppStore|iPhone.ActiveCfg = Release|Any CPU
		{6BBA25DF-C691-4F59-B79A-BF0946C5727A}.AppStore|iPhone.Build.0 = Release|Any CPU
		{6BBA25DF-C691-4F59-B79A-BF0946C5727A}.AppStore|iPhoneSimulator.ActiveCfg = Release|Any CPU
		{6BBA25DF-C691-4F59-B79A-BF0946C5727A}.AppStore|iPhoneSimulator.Build.0 = Release|Any CPU
		{6BBA25DF-C691-4F59-B79A-BF0946C5727A}.AppStore|x64.ActiveCfg = Release|Any CPU
		{6BBA25DF-C691-4F59-B79A-BF0946C5727A}.AppStore|x64.Build.0 = Release|Any CPU
		{6BBA25DF-C691-4F59-B79A-BF0946C5727A}.AppStore|x86.ActiveCfg = Release|Any CPU
		{6BBA25DF-C691-4F59-B79A-BF0946C5727A}.AppStore|x86.Build.0 = Release|Any CPU
		{6BBA25DF-C691-4F59-B79A-BF0946C5727A}.Debug|Any CPU.ActiveCfg = Debug|Any CPU
		{6BBA25DF-C691-4F59-B79A-BF0946C5727A}.Debug|Any CPU.Build.0 = Debug|Any CPU
		{6BBA25DF-C691-4F59-B79A-BF0946C5727A}.Debug|ARM.ActiveCfg = Debug|Any CPU
		{6BBA25DF-C691-4F59-B79A-BF0946C5727A}.Debug|ARM.Build.0 = Debug|Any CPU
		{6BBA25DF-C691-4F59-B79A-BF0946C5727A}.Debug|iPhone.ActiveCfg = Debug|Any CPU
		{6BBA25DF-C691-4F59-B79A-BF0946C5727A}.Debug|iPhone.Build.0 = Debug|Any CPU
		{6BBA25DF-C691-4F59-B79A-BF0946C5727A}.Debug|iPhoneSimulator.ActiveCfg = Debug|Any CPU
		{6BBA25DF-C691-4F59-B79A-BF0946C5727A}.Debug|iPhoneSimulator.Build.0 = Debug|Any CPU
		{6BBA25DF-C691-4F59-B79A-BF0946C5727A}.Debug|x64.ActiveCfg = Debug|Any CPU
		{6BBA25DF-C691-4F59-B79A-BF0946C5727A}.Debug|x64.Build.0 = Debug|Any CPU
		{6BBA25DF-C691-4F59-B79A-BF0946C5727A}.Debug|x86.ActiveCfg = Debug|Any CPU
		{6BBA25DF-C691-4F59-B79A-BF0946C5727A}.Debug|x86.Build.0 = Debug|Any CPU
		{6BBA25DF-C691-4F59-B79A-BF0946C5727A}.Release|Any CPU.ActiveCfg = Release|Any CPU
		{6BBA25DF-C691-4F59-B79A-BF0946C5727A}.Release|Any CPU.Build.0 = Release|Any CPU
		{6BBA25DF-C691-4F59-B79A-BF0946C5727A}.Release|ARM.ActiveCfg = Release|Any CPU
		{6BBA25DF-C691-4F59-B79A-BF0946C5727A}.Release|ARM.Build.0 = Release|Any CPU
		{6BBA25DF-C691-4F59-B79A-BF0946C5727A}.Release|iPhone.ActiveCfg = Release|Any CPU
		{6BBA25DF-C691-4F59-B79A-BF0946C5727A}.Release|iPhone.Build.0 = Release|Any CPU
		{6BBA25DF-C691-4F59-B79A-BF0946C5727A}.Release|iPhoneSimulator.ActiveCfg = Release|Any CPU
		{6BBA25DF-C691-4F59-B79A-BF0946C5727A}.Release|iPhoneSimulator.Build.0 = Release|Any CPU
		{6BBA25DF-C691-4F59-B79A-BF0946C5727A}.Release|x64.ActiveCfg = Release|Any CPU
		{6BBA25DF-C691-4F59-B79A-BF0946C5727A}.Release|x64.Build.0 = Release|Any CPU
		{6BBA25DF-C691-4F59-B79A-BF0946C5727A}.Release|x86.ActiveCfg = Release|Any CPU
		{6BBA25DF-C691-4F59-B79A-BF0946C5727A}.Release|x86.Build.0 = Release|Any CPU
		{CBE26F09-00C8-4E70-937A-0E7BD7B14341}.Ad-Hoc|Any CPU.ActiveCfg = Release|Any CPU
		{CBE26F09-00C8-4E70-937A-0E7BD7B14341}.Ad-Hoc|Any CPU.Build.0 = Release|Any CPU
		{CBE26F09-00C8-4E70-937A-0E7BD7B14341}.Ad-Hoc|Any CPU.Deploy.0 = Release|Any CPU
		{CBE26F09-00C8-4E70-937A-0E7BD7B14341}.Ad-Hoc|ARM.ActiveCfg = Release|Any CPU
		{CBE26F09-00C8-4E70-937A-0E7BD7B14341}.Ad-Hoc|ARM.Build.0 = Release|Any CPU
		{CBE26F09-00C8-4E70-937A-0E7BD7B14341}.Ad-Hoc|ARM.Deploy.0 = Release|Any CPU
		{CBE26F09-00C8-4E70-937A-0E7BD7B14341}.Ad-Hoc|iPhone.ActiveCfg = Release|Any CPU
		{CBE26F09-00C8-4E70-937A-0E7BD7B14341}.Ad-Hoc|iPhone.Build.0 = Release|Any CPU
		{CBE26F09-00C8-4E70-937A-0E7BD7B14341}.Ad-Hoc|iPhone.Deploy.0 = Release|Any CPU
		{CBE26F09-00C8-4E70-937A-0E7BD7B14341}.Ad-Hoc|iPhoneSimulator.ActiveCfg = Release|Any CPU
		{CBE26F09-00C8-4E70-937A-0E7BD7B14341}.Ad-Hoc|iPhoneSimulator.Build.0 = Release|Any CPU
		{CBE26F09-00C8-4E70-937A-0E7BD7B14341}.Ad-Hoc|iPhoneSimulator.Deploy.0 = Release|Any CPU
		{CBE26F09-00C8-4E70-937A-0E7BD7B14341}.Ad-Hoc|x64.ActiveCfg = Release|Any CPU
		{CBE26F09-00C8-4E70-937A-0E7BD7B14341}.Ad-Hoc|x64.Build.0 = Release|Any CPU
		{CBE26F09-00C8-4E70-937A-0E7BD7B14341}.Ad-Hoc|x64.Deploy.0 = Release|Any CPU
		{CBE26F09-00C8-4E70-937A-0E7BD7B14341}.Ad-Hoc|x86.ActiveCfg = Release|Any CPU
		{CBE26F09-00C8-4E70-937A-0E7BD7B14341}.Ad-Hoc|x86.Build.0 = Release|Any CPU
		{CBE26F09-00C8-4E70-937A-0E7BD7B14341}.Ad-Hoc|x86.Deploy.0 = Release|Any CPU
		{CBE26F09-00C8-4E70-937A-0E7BD7B14341}.AppStore|Any CPU.ActiveCfg = Release|Any CPU
		{CBE26F09-00C8-4E70-937A-0E7BD7B14341}.AppStore|Any CPU.Build.0 = Release|Any CPU
		{CBE26F09-00C8-4E70-937A-0E7BD7B14341}.AppStore|Any CPU.Deploy.0 = Release|Any CPU
		{CBE26F09-00C8-4E70-937A-0E7BD7B14341}.AppStore|ARM.ActiveCfg = Release|Any CPU
		{CBE26F09-00C8-4E70-937A-0E7BD7B14341}.AppStore|ARM.Build.0 = Release|Any CPU
		{CBE26F09-00C8-4E70-937A-0E7BD7B14341}.AppStore|ARM.Deploy.0 = Release|Any CPU
		{CBE26F09-00C8-4E70-937A-0E7BD7B14341}.AppStore|iPhone.ActiveCfg = Release|Any CPU
		{CBE26F09-00C8-4E70-937A-0E7BD7B14341}.AppStore|iPhone.Build.0 = Release|Any CPU
		{CBE26F09-00C8-4E70-937A-0E7BD7B14341}.AppStore|iPhone.Deploy.0 = Release|Any CPU
		{CBE26F09-00C8-4E70-937A-0E7BD7B14341}.AppStore|iPhoneSimulator.ActiveCfg = Release|Any CPU
		{CBE26F09-00C8-4E70-937A-0E7BD7B14341}.AppStore|iPhoneSimulator.Build.0 = Release|Any CPU
		{CBE26F09-00C8-4E70-937A-0E7BD7B14341}.AppStore|iPhoneSimulator.Deploy.0 = Release|Any CPU
		{CBE26F09-00C8-4E70-937A-0E7BD7B14341}.AppStore|x64.ActiveCfg = Release|Any CPU
		{CBE26F09-00C8-4E70-937A-0E7BD7B14341}.AppStore|x64.Build.0 = Release|Any CPU
		{CBE26F09-00C8-4E70-937A-0E7BD7B14341}.AppStore|x64.Deploy.0 = Release|Any CPU
		{CBE26F09-00C8-4E70-937A-0E7BD7B14341}.AppStore|x86.ActiveCfg = Release|Any CPU
		{CBE26F09-00C8-4E70-937A-0E7BD7B14341}.AppStore|x86.Build.0 = Release|Any CPU
		{CBE26F09-00C8-4E70-937A-0E7BD7B14341}.AppStore|x86.Deploy.0 = Release|Any CPU
		{CBE26F09-00C8-4E70-937A-0E7BD7B14341}.Debug|Any CPU.ActiveCfg = Debug|Any CPU
		{CBE26F09-00C8-4E70-937A-0E7BD7B14341}.Debug|Any CPU.Build.0 = Debug|Any CPU
		{CBE26F09-00C8-4E70-937A-0E7BD7B14341}.Debug|Any CPU.Deploy.0 = Debug|Any CPU
		{CBE26F09-00C8-4E70-937A-0E7BD7B14341}.Debug|ARM.ActiveCfg = Debug|Any CPU
		{CBE26F09-00C8-4E70-937A-0E7BD7B14341}.Debug|ARM.Build.0 = Debug|Any CPU
		{CBE26F09-00C8-4E70-937A-0E7BD7B14341}.Debug|ARM.Deploy.0 = Debug|Any CPU
		{CBE26F09-00C8-4E70-937A-0E7BD7B14341}.Debug|iPhone.ActiveCfg = Debug|Any CPU
		{CBE26F09-00C8-4E70-937A-0E7BD7B14341}.Debug|iPhone.Build.0 = Debug|Any CPU
		{CBE26F09-00C8-4E70-937A-0E7BD7B14341}.Debug|iPhone.Deploy.0 = Debug|Any CPU
		{CBE26F09-00C8-4E70-937A-0E7BD7B14341}.Debug|iPhoneSimulator.ActiveCfg = Debug|Any CPU
		{CBE26F09-00C8-4E70-937A-0E7BD7B14341}.Debug|iPhoneSimulator.Build.0 = Debug|Any CPU
		{CBE26F09-00C8-4E70-937A-0E7BD7B14341}.Debug|iPhoneSimulator.Deploy.0 = Debug|Any CPU
		{CBE26F09-00C8-4E70-937A-0E7BD7B14341}.Debug|x64.ActiveCfg = Debug|Any CPU
		{CBE26F09-00C8-4E70-937A-0E7BD7B14341}.Debug|x64.Build.0 = Debug|Any CPU
		{CBE26F09-00C8-4E70-937A-0E7BD7B14341}.Debug|x64.Deploy.0 = Debug|Any CPU
		{CBE26F09-00C8-4E70-937A-0E7BD7B14341}.Debug|x86.ActiveCfg = Debug|Any CPU
		{CBE26F09-00C8-4E70-937A-0E7BD7B14341}.Debug|x86.Build.0 = Debug|Any CPU
		{CBE26F09-00C8-4E70-937A-0E7BD7B14341}.Debug|x86.Deploy.0 = Debug|Any CPU
		{CBE26F09-00C8-4E70-937A-0E7BD7B14341}.Release|Any CPU.ActiveCfg = Release|Any CPU
		{CBE26F09-00C8-4E70-937A-0E7BD7B14341}.Release|Any CPU.Build.0 = Release|Any CPU
		{CBE26F09-00C8-4E70-937A-0E7BD7B14341}.Release|Any CPU.Deploy.0 = Release|Any CPU
		{CBE26F09-00C8-4E70-937A-0E7BD7B14341}.Release|ARM.ActiveCfg = Release|Any CPU
		{CBE26F09-00C8-4E70-937A-0E7BD7B14341}.Release|ARM.Build.0 = Release|Any CPU
		{CBE26F09-00C8-4E70-937A-0E7BD7B14341}.Release|ARM.Deploy.0 = Release|Any CPU
		{CBE26F09-00C8-4E70-937A-0E7BD7B14341}.Release|iPhone.ActiveCfg = Release|Any CPU
		{CBE26F09-00C8-4E70-937A-0E7BD7B14341}.Release|iPhone.Build.0 = Release|Any CPU
		{CBE26F09-00C8-4E70-937A-0E7BD7B14341}.Release|iPhone.Deploy.0 = Release|Any CPU
		{CBE26F09-00C8-4E70-937A-0E7BD7B14341}.Release|iPhoneSimulator.ActiveCfg = Release|Any CPU
		{CBE26F09-00C8-4E70-937A-0E7BD7B14341}.Release|iPhoneSimulator.Build.0 = Release|Any CPU
		{CBE26F09-00C8-4E70-937A-0E7BD7B14341}.Release|iPhoneSimulator.Deploy.0 = Release|Any CPU
		{CBE26F09-00C8-4E70-937A-0E7BD7B14341}.Release|x64.ActiveCfg = Release|Any CPU
		{CBE26F09-00C8-4E70-937A-0E7BD7B14341}.Release|x64.Build.0 = Release|Any CPU
		{CBE26F09-00C8-4E70-937A-0E7BD7B14341}.Release|x64.Deploy.0 = Release|Any CPU
		{CBE26F09-00C8-4E70-937A-0E7BD7B14341}.Release|x86.ActiveCfg = Release|Any CPU
		{CBE26F09-00C8-4E70-937A-0E7BD7B14341}.Release|x86.Build.0 = Release|Any CPU
		{CBE26F09-00C8-4E70-937A-0E7BD7B14341}.Release|x86.Deploy.0 = Release|Any CPU
		{C92E3F3A-0F10-4048-9DEB-2AB4D6A70E0D}.Ad-Hoc|Any CPU.ActiveCfg = Ad-Hoc|iPhone
		{C92E3F3A-0F10-4048-9DEB-2AB4D6A70E0D}.Ad-Hoc|ARM.ActiveCfg = Ad-Hoc|iPhone
		{C92E3F3A-0F10-4048-9DEB-2AB4D6A70E0D}.Ad-Hoc|iPhone.ActiveCfg = Ad-Hoc|iPhone
		{C92E3F3A-0F10-4048-9DEB-2AB4D6A70E0D}.Ad-Hoc|iPhone.Build.0 = Ad-Hoc|iPhone
		{C92E3F3A-0F10-4048-9DEB-2AB4D6A70E0D}.Ad-Hoc|iPhoneSimulator.ActiveCfg = Ad-Hoc|iPhoneSimulator
		{C92E3F3A-0F10-4048-9DEB-2AB4D6A70E0D}.Ad-Hoc|iPhoneSimulator.Build.0 = Ad-Hoc|iPhoneSimulator
		{C92E3F3A-0F10-4048-9DEB-2AB4D6A70E0D}.Ad-Hoc|x64.ActiveCfg = Ad-Hoc|iPhone
		{C92E3F3A-0F10-4048-9DEB-2AB4D6A70E0D}.Ad-Hoc|x86.ActiveCfg = Ad-Hoc|iPhone
		{C92E3F3A-0F10-4048-9DEB-2AB4D6A70E0D}.AppStore|Any CPU.ActiveCfg = AppStore|iPhone
		{C92E3F3A-0F10-4048-9DEB-2AB4D6A70E0D}.AppStore|ARM.ActiveCfg = AppStore|iPhone
		{C92E3F3A-0F10-4048-9DEB-2AB4D6A70E0D}.AppStore|iPhone.ActiveCfg = AppStore|iPhone
		{C92E3F3A-0F10-4048-9DEB-2AB4D6A70E0D}.AppStore|iPhone.Build.0 = AppStore|iPhone
		{C92E3F3A-0F10-4048-9DEB-2AB4D6A70E0D}.AppStore|iPhoneSimulator.ActiveCfg = AppStore|iPhoneSimulator
		{C92E3F3A-0F10-4048-9DEB-2AB4D6A70E0D}.AppStore|iPhoneSimulator.Build.0 = AppStore|iPhoneSimulator
		{C92E3F3A-0F10-4048-9DEB-2AB4D6A70E0D}.AppStore|x64.ActiveCfg = AppStore|iPhone
		{C92E3F3A-0F10-4048-9DEB-2AB4D6A70E0D}.AppStore|x86.ActiveCfg = AppStore|iPhone
		{C92E3F3A-0F10-4048-9DEB-2AB4D6A70E0D}.Debug|Any CPU.ActiveCfg = Debug|iPhone
		{C92E3F3A-0F10-4048-9DEB-2AB4D6A70E0D}.Debug|ARM.ActiveCfg = Debug|iPhone
		{C92E3F3A-0F10-4048-9DEB-2AB4D6A70E0D}.Debug|iPhone.ActiveCfg = Debug|iPhone
		{C92E3F3A-0F10-4048-9DEB-2AB4D6A70E0D}.Debug|iPhone.Build.0 = Debug|iPhone
		{C92E3F3A-0F10-4048-9DEB-2AB4D6A70E0D}.Debug|iPhoneSimulator.ActiveCfg = Debug|iPhoneSimulator
		{C92E3F3A-0F10-4048-9DEB-2AB4D6A70E0D}.Debug|iPhoneSimulator.Build.0 = Debug|iPhoneSimulator
		{C92E3F3A-0F10-4048-9DEB-2AB4D6A70E0D}.Debug|x64.ActiveCfg = Debug|iPhone
		{C92E3F3A-0F10-4048-9DEB-2AB4D6A70E0D}.Debug|x86.ActiveCfg = Debug|iPhone
		{C92E3F3A-0F10-4048-9DEB-2AB4D6A70E0D}.Release|Any CPU.ActiveCfg = Release|iPhone
		{C92E3F3A-0F10-4048-9DEB-2AB4D6A70E0D}.Release|ARM.ActiveCfg = Release|iPhone
		{C92E3F3A-0F10-4048-9DEB-2AB4D6A70E0D}.Release|iPhone.ActiveCfg = Release|iPhone
		{C92E3F3A-0F10-4048-9DEB-2AB4D6A70E0D}.Release|iPhone.Build.0 = Release|iPhone
		{C92E3F3A-0F10-4048-9DEB-2AB4D6A70E0D}.Release|iPhoneSimulator.ActiveCfg = Release|iPhoneSimulator
		{C92E3F3A-0F10-4048-9DEB-2AB4D6A70E0D}.Release|iPhoneSimulator.Build.0 = Release|iPhoneSimulator
		{C92E3F3A-0F10-4048-9DEB-2AB4D6A70E0D}.Release|x64.ActiveCfg = Release|iPhone
		{C92E3F3A-0F10-4048-9DEB-2AB4D6A70E0D}.Release|x86.ActiveCfg = Release|iPhone
		{8760385A-0079-40A2-86A1-DBF02FE9888A}.Ad-Hoc|Any CPU.ActiveCfg = Release|Any CPU
		{8760385A-0079-40A2-86A1-DBF02FE9888A}.Ad-Hoc|Any CPU.Build.0 = Release|Any CPU
		{8760385A-0079-40A2-86A1-DBF02FE9888A}.Ad-Hoc|Any CPU.Deploy.0 = Release|Any CPU
		{8760385A-0079-40A2-86A1-DBF02FE9888A}.Ad-Hoc|ARM.ActiveCfg = Release|ARM
		{8760385A-0079-40A2-86A1-DBF02FE9888A}.Ad-Hoc|ARM.Build.0 = Release|ARM
		{8760385A-0079-40A2-86A1-DBF02FE9888A}.Ad-Hoc|ARM.Deploy.0 = Release|ARM
		{8760385A-0079-40A2-86A1-DBF02FE9888A}.Ad-Hoc|iPhone.ActiveCfg = Release|Any CPU
		{8760385A-0079-40A2-86A1-DBF02FE9888A}.Ad-Hoc|iPhone.Build.0 = Release|Any CPU
		{8760385A-0079-40A2-86A1-DBF02FE9888A}.Ad-Hoc|iPhone.Deploy.0 = Release|Any CPU
		{8760385A-0079-40A2-86A1-DBF02FE9888A}.Ad-Hoc|iPhoneSimulator.ActiveCfg = Release|Any CPU
		{8760385A-0079-40A2-86A1-DBF02FE9888A}.Ad-Hoc|iPhoneSimulator.Build.0 = Release|Any CPU
		{8760385A-0079-40A2-86A1-DBF02FE9888A}.Ad-Hoc|iPhoneSimulator.Deploy.0 = Release|Any CPU
		{8760385A-0079-40A2-86A1-DBF02FE9888A}.Ad-Hoc|x64.ActiveCfg = Release|Any CPU
		{8760385A-0079-40A2-86A1-DBF02FE9888A}.Ad-Hoc|x64.Build.0 = Release|Any CPU
		{8760385A-0079-40A2-86A1-DBF02FE9888A}.Ad-Hoc|x64.Deploy.0 = Release|Any CPU
		{8760385A-0079-40A2-86A1-DBF02FE9888A}.Ad-Hoc|x86.ActiveCfg = Release|x86
		{8760385A-0079-40A2-86A1-DBF02FE9888A}.Ad-Hoc|x86.Build.0 = Release|x86
		{8760385A-0079-40A2-86A1-DBF02FE9888A}.Ad-Hoc|x86.Deploy.0 = Release|x86
		{8760385A-0079-40A2-86A1-DBF02FE9888A}.AppStore|Any CPU.ActiveCfg = Release|Any CPU
		{8760385A-0079-40A2-86A1-DBF02FE9888A}.AppStore|Any CPU.Build.0 = Release|Any CPU
		{8760385A-0079-40A2-86A1-DBF02FE9888A}.AppStore|Any CPU.Deploy.0 = Release|Any CPU
		{8760385A-0079-40A2-86A1-DBF02FE9888A}.AppStore|ARM.ActiveCfg = Release|ARM
		{8760385A-0079-40A2-86A1-DBF02FE9888A}.AppStore|ARM.Build.0 = Release|ARM
		{8760385A-0079-40A2-86A1-DBF02FE9888A}.AppStore|ARM.Deploy.0 = Release|ARM
		{8760385A-0079-40A2-86A1-DBF02FE9888A}.AppStore|iPhone.ActiveCfg = Release|Any CPU
		{8760385A-0079-40A2-86A1-DBF02FE9888A}.AppStore|iPhone.Build.0 = Release|Any CPU
		{8760385A-0079-40A2-86A1-DBF02FE9888A}.AppStore|iPhone.Deploy.0 = Release|Any CPU
		{8760385A-0079-40A2-86A1-DBF02FE9888A}.AppStore|iPhoneSimulator.ActiveCfg = Release|Any CPU
		{8760385A-0079-40A2-86A1-DBF02FE9888A}.AppStore|iPhoneSimulator.Build.0 = Release|Any CPU
		{8760385A-0079-40A2-86A1-DBF02FE9888A}.AppStore|iPhoneSimulator.Deploy.0 = Release|Any CPU
		{8760385A-0079-40A2-86A1-DBF02FE9888A}.AppStore|x64.ActiveCfg = Release|Any CPU
		{8760385A-0079-40A2-86A1-DBF02FE9888A}.AppStore|x64.Build.0 = Release|Any CPU
		{8760385A-0079-40A2-86A1-DBF02FE9888A}.AppStore|x64.Deploy.0 = Release|Any CPU
		{8760385A-0079-40A2-86A1-DBF02FE9888A}.AppStore|x86.ActiveCfg = Release|x86
		{8760385A-0079-40A2-86A1-DBF02FE9888A}.AppStore|x86.Build.0 = Release|x86
		{8760385A-0079-40A2-86A1-DBF02FE9888A}.AppStore|x86.Deploy.0 = Release|x86
		{8760385A-0079-40A2-86A1-DBF02FE9888A}.Debug|Any CPU.ActiveCfg = Debug|Any CPU
		{8760385A-0079-40A2-86A1-DBF02FE9888A}.Debug|Any CPU.Build.0 = Debug|Any CPU
		{8760385A-0079-40A2-86A1-DBF02FE9888A}.Debug|Any CPU.Deploy.0 = Debug|Any CPU
		{8760385A-0079-40A2-86A1-DBF02FE9888A}.Debug|ARM.ActiveCfg = Debug|ARM
		{8760385A-0079-40A2-86A1-DBF02FE9888A}.Debug|ARM.Build.0 = Debug|ARM
		{8760385A-0079-40A2-86A1-DBF02FE9888A}.Debug|ARM.Deploy.0 = Debug|ARM
		{8760385A-0079-40A2-86A1-DBF02FE9888A}.Debug|iPhone.ActiveCfg = Debug|Any CPU
		{8760385A-0079-40A2-86A1-DBF02FE9888A}.Debug|iPhone.Build.0 = Debug|Any CPU
		{8760385A-0079-40A2-86A1-DBF02FE9888A}.Debug|iPhone.Deploy.0 = Debug|Any CPU
		{8760385A-0079-40A2-86A1-DBF02FE9888A}.Debug|iPhoneSimulator.ActiveCfg = Debug|Any CPU
		{8760385A-0079-40A2-86A1-DBF02FE9888A}.Debug|iPhoneSimulator.Build.0 = Debug|Any CPU
		{8760385A-0079-40A2-86A1-DBF02FE9888A}.Debug|iPhoneSimulator.Deploy.0 = Debug|Any CPU
		{8760385A-0079-40A2-86A1-DBF02FE9888A}.Debug|x64.ActiveCfg = Debug|Any CPU
		{8760385A-0079-40A2-86A1-DBF02FE9888A}.Debug|x64.Build.0 = Debug|Any CPU
		{8760385A-0079-40A2-86A1-DBF02FE9888A}.Debug|x64.Deploy.0 = Debug|Any CPU
		{8760385A-0079-40A2-86A1-DBF02FE9888A}.Debug|x86.ActiveCfg = Debug|x86
		{8760385A-0079-40A2-86A1-DBF02FE9888A}.Debug|x86.Build.0 = Debug|x86
		{8760385A-0079-40A2-86A1-DBF02FE9888A}.Debug|x86.Deploy.0 = Debug|x86
		{8760385A-0079-40A2-86A1-DBF02FE9888A}.Release|Any CPU.ActiveCfg = Release|Any CPU
		{8760385A-0079-40A2-86A1-DBF02FE9888A}.Release|Any CPU.Build.0 = Release|Any CPU
		{8760385A-0079-40A2-86A1-DBF02FE9888A}.Release|Any CPU.Deploy.0 = Release|Any CPU
		{8760385A-0079-40A2-86A1-DBF02FE9888A}.Release|ARM.ActiveCfg = Release|ARM
		{8760385A-0079-40A2-86A1-DBF02FE9888A}.Release|ARM.Build.0 = Release|ARM
		{8760385A-0079-40A2-86A1-DBF02FE9888A}.Release|ARM.Deploy.0 = Release|ARM
		{8760385A-0079-40A2-86A1-DBF02FE9888A}.Release|iPhone.ActiveCfg = Release|Any CPU
		{8760385A-0079-40A2-86A1-DBF02FE9888A}.Release|iPhone.Build.0 = Release|Any CPU
		{8760385A-0079-40A2-86A1-DBF02FE9888A}.Release|iPhone.Deploy.0 = Release|Any CPU
		{8760385A-0079-40A2-86A1-DBF02FE9888A}.Release|iPhoneSimulator.ActiveCfg = Release|Any CPU
		{8760385A-0079-40A2-86A1-DBF02FE9888A}.Release|iPhoneSimulator.Build.0 = Release|Any CPU
		{8760385A-0079-40A2-86A1-DBF02FE9888A}.Release|iPhoneSimulator.Deploy.0 = Release|Any CPU
		{8760385A-0079-40A2-86A1-DBF02FE9888A}.Release|x64.ActiveCfg = Release|Any CPU
		{8760385A-0079-40A2-86A1-DBF02FE9888A}.Release|x64.Build.0 = Release|Any CPU
		{8760385A-0079-40A2-86A1-DBF02FE9888A}.Release|x64.Deploy.0 = Release|Any CPU
		{8760385A-0079-40A2-86A1-DBF02FE9888A}.Release|x86.ActiveCfg = Release|x86
		{8760385A-0079-40A2-86A1-DBF02FE9888A}.Release|x86.Build.0 = Release|x86
		{8760385A-0079-40A2-86A1-DBF02FE9888A}.Release|x86.Deploy.0 = Release|x86
		{71A54C0E-0B37-4C94-965E-334735F5FCCE}.Ad-Hoc|Any CPU.ActiveCfg = Release|x86
		{71A54C0E-0B37-4C94-965E-334735F5FCCE}.Ad-Hoc|Any CPU.Build.0 = Release|x86
		{71A54C0E-0B37-4C94-965E-334735F5FCCE}.Ad-Hoc|Any CPU.Deploy.0 = Release|x86
		{71A54C0E-0B37-4C94-965E-334735F5FCCE}.Ad-Hoc|ARM.ActiveCfg = Release|ARM
		{71A54C0E-0B37-4C94-965E-334735F5FCCE}.Ad-Hoc|ARM.Build.0 = Release|ARM
		{71A54C0E-0B37-4C94-965E-334735F5FCCE}.Ad-Hoc|ARM.Deploy.0 = Release|ARM
		{71A54C0E-0B37-4C94-965E-334735F5FCCE}.Ad-Hoc|iPhone.ActiveCfg = Release|x86
		{71A54C0E-0B37-4C94-965E-334735F5FCCE}.Ad-Hoc|iPhone.Build.0 = Release|x86
		{71A54C0E-0B37-4C94-965E-334735F5FCCE}.Ad-Hoc|iPhone.Deploy.0 = Release|x86
		{71A54C0E-0B37-4C94-965E-334735F5FCCE}.Ad-Hoc|iPhoneSimulator.ActiveCfg = Release|x86
		{71A54C0E-0B37-4C94-965E-334735F5FCCE}.Ad-Hoc|iPhoneSimulator.Build.0 = Release|x86
		{71A54C0E-0B37-4C94-965E-334735F5FCCE}.Ad-Hoc|iPhoneSimulator.Deploy.0 = Release|x86
		{71A54C0E-0B37-4C94-965E-334735F5FCCE}.Ad-Hoc|x64.ActiveCfg = Release|x64
		{71A54C0E-0B37-4C94-965E-334735F5FCCE}.Ad-Hoc|x64.Build.0 = Release|x64
		{71A54C0E-0B37-4C94-965E-334735F5FCCE}.Ad-Hoc|x64.Deploy.0 = Release|x64
		{71A54C0E-0B37-4C94-965E-334735F5FCCE}.Ad-Hoc|x86.ActiveCfg = Release|x86
		{71A54C0E-0B37-4C94-965E-334735F5FCCE}.Ad-Hoc|x86.Build.0 = Release|x86
		{71A54C0E-0B37-4C94-965E-334735F5FCCE}.Ad-Hoc|x86.Deploy.0 = Release|x86
		{71A54C0E-0B37-4C94-965E-334735F5FCCE}.AppStore|Any CPU.ActiveCfg = Release|x86
		{71A54C0E-0B37-4C94-965E-334735F5FCCE}.AppStore|Any CPU.Build.0 = Release|x86
		{71A54C0E-0B37-4C94-965E-334735F5FCCE}.AppStore|Any CPU.Deploy.0 = Release|x86
		{71A54C0E-0B37-4C94-965E-334735F5FCCE}.AppStore|ARM.ActiveCfg = Release|ARM
		{71A54C0E-0B37-4C94-965E-334735F5FCCE}.AppStore|ARM.Build.0 = Release|ARM
		{71A54C0E-0B37-4C94-965E-334735F5FCCE}.AppStore|ARM.Deploy.0 = Release|ARM
		{71A54C0E-0B37-4C94-965E-334735F5FCCE}.AppStore|iPhone.ActiveCfg = Release|x86
		{71A54C0E-0B37-4C94-965E-334735F5FCCE}.AppStore|iPhone.Build.0 = Release|x86
		{71A54C0E-0B37-4C94-965E-334735F5FCCE}.AppStore|iPhone.Deploy.0 = Release|x86
		{71A54C0E-0B37-4C94-965E-334735F5FCCE}.AppStore|iPhoneSimulator.ActiveCfg = Release|x86
		{71A54C0E-0B37-4C94-965E-334735F5FCCE}.AppStore|iPhoneSimulator.Build.0 = Release|x86
		{71A54C0E-0B37-4C94-965E-334735F5FCCE}.AppStore|iPhoneSimulator.Deploy.0 = Release|x86
		{71A54C0E-0B37-4C94-965E-334735F5FCCE}.AppStore|x64.ActiveCfg = Release|x64
		{71A54C0E-0B37-4C94-965E-334735F5FCCE}.AppStore|x64.Build.0 = Release|x64
		{71A54C0E-0B37-4C94-965E-334735F5FCCE}.AppStore|x64.Deploy.0 = Release|x64
		{71A54C0E-0B37-4C94-965E-334735F5FCCE}.AppStore|x86.ActiveCfg = Release|x86
		{71A54C0E-0B37-4C94-965E-334735F5FCCE}.AppStore|x86.Build.0 = Release|x86
		{71A54C0E-0B37-4C94-965E-334735F5FCCE}.AppStore|x86.Deploy.0 = Release|x86
		{71A54C0E-0B37-4C94-965E-334735F5FCCE}.Debug|Any CPU.ActiveCfg = Debug|x86
		{71A54C0E-0B37-4C94-965E-334735F5FCCE}.Debug|ARM.ActiveCfg = Debug|ARM
		{71A54C0E-0B37-4C94-965E-334735F5FCCE}.Debug|ARM.Build.0 = Debug|ARM
		{71A54C0E-0B37-4C94-965E-334735F5FCCE}.Debug|ARM.Deploy.0 = Debug|ARM
		{71A54C0E-0B37-4C94-965E-334735F5FCCE}.Debug|iPhone.ActiveCfg = Debug|x86
		{71A54C0E-0B37-4C94-965E-334735F5FCCE}.Debug|iPhoneSimulator.ActiveCfg = Debug|x86
		{71A54C0E-0B37-4C94-965E-334735F5FCCE}.Debug|x64.ActiveCfg = Debug|x64
		{71A54C0E-0B37-4C94-965E-334735F5FCCE}.Debug|x64.Build.0 = Debug|x64
		{71A54C0E-0B37-4C94-965E-334735F5FCCE}.Debug|x64.Deploy.0 = Debug|x64
		{71A54C0E-0B37-4C94-965E-334735F5FCCE}.Debug|x86.ActiveCfg = Debug|x86
		{71A54C0E-0B37-4C94-965E-334735F5FCCE}.Debug|x86.Build.0 = Debug|x86
		{71A54C0E-0B37-4C94-965E-334735F5FCCE}.Debug|x86.Deploy.0 = Debug|x86
		{71A54C0E-0B37-4C94-965E-334735F5FCCE}.Release|Any CPU.ActiveCfg = Release|x86
		{71A54C0E-0B37-4C94-965E-334735F5FCCE}.Release|ARM.ActiveCfg = Release|ARM
		{71A54C0E-0B37-4C94-965E-334735F5FCCE}.Release|ARM.Build.0 = Release|ARM
		{71A54C0E-0B37-4C94-965E-334735F5FCCE}.Release|ARM.Deploy.0 = Release|ARM
		{71A54C0E-0B37-4C94-965E-334735F5FCCE}.Release|iPhone.ActiveCfg = Release|x86
		{71A54C0E-0B37-4C94-965E-334735F5FCCE}.Release|iPhoneSimulator.ActiveCfg = Release|x86
		{71A54C0E-0B37-4C94-965E-334735F5FCCE}.Release|x64.ActiveCfg = Release|x64
		{71A54C0E-0B37-4C94-965E-334735F5FCCE}.Release|x64.Build.0 = Release|x64
		{71A54C0E-0B37-4C94-965E-334735F5FCCE}.Release|x64.Deploy.0 = Release|x64
		{71A54C0E-0B37-4C94-965E-334735F5FCCE}.Release|x86.ActiveCfg = Release|x86
		{71A54C0E-0B37-4C94-965E-334735F5FCCE}.Release|x86.Build.0 = Release|x86
		{71A54C0E-0B37-4C94-965E-334735F5FCCE}.Release|x86.Deploy.0 = Release|x86
		{E0B54D80-F96A-4E64-8D8F-F6F6ADCE1E5C}.Ad-Hoc|Any CPU.ActiveCfg = Release|Any CPU
		{E0B54D80-F96A-4E64-8D8F-F6F6ADCE1E5C}.Ad-Hoc|Any CPU.Build.0 = Release|Any CPU
		{E0B54D80-F96A-4E64-8D8F-F6F6ADCE1E5C}.Ad-Hoc|Any CPU.Deploy.0 = Release|Any CPU
		{E0B54D80-F96A-4E64-8D8F-F6F6ADCE1E5C}.Ad-Hoc|ARM.ActiveCfg = Release|ARM
		{E0B54D80-F96A-4E64-8D8F-F6F6ADCE1E5C}.Ad-Hoc|ARM.Build.0 = Release|ARM
		{E0B54D80-F96A-4E64-8D8F-F6F6ADCE1E5C}.Ad-Hoc|ARM.Deploy.0 = Release|ARM
		{E0B54D80-F96A-4E64-8D8F-F6F6ADCE1E5C}.Ad-Hoc|iPhone.ActiveCfg = Release|Any CPU
		{E0B54D80-F96A-4E64-8D8F-F6F6ADCE1E5C}.Ad-Hoc|iPhone.Build.0 = Release|Any CPU
		{E0B54D80-F96A-4E64-8D8F-F6F6ADCE1E5C}.Ad-Hoc|iPhone.Deploy.0 = Release|Any CPU
		{E0B54D80-F96A-4E64-8D8F-F6F6ADCE1E5C}.Ad-Hoc|iPhoneSimulator.ActiveCfg = Release|Any CPU
		{E0B54D80-F96A-4E64-8D8F-F6F6ADCE1E5C}.Ad-Hoc|iPhoneSimulator.Build.0 = Release|Any CPU
		{E0B54D80-F96A-4E64-8D8F-F6F6ADCE1E5C}.Ad-Hoc|iPhoneSimulator.Deploy.0 = Release|Any CPU
		{E0B54D80-F96A-4E64-8D8F-F6F6ADCE1E5C}.Ad-Hoc|x64.ActiveCfg = Release|x64
		{E0B54D80-F96A-4E64-8D8F-F6F6ADCE1E5C}.Ad-Hoc|x64.Build.0 = Release|x64
		{E0B54D80-F96A-4E64-8D8F-F6F6ADCE1E5C}.Ad-Hoc|x64.Deploy.0 = Release|x64
		{E0B54D80-F96A-4E64-8D8F-F6F6ADCE1E5C}.Ad-Hoc|x86.ActiveCfg = Release|x86
		{E0B54D80-F96A-4E64-8D8F-F6F6ADCE1E5C}.Ad-Hoc|x86.Build.0 = Release|x86
		{E0B54D80-F96A-4E64-8D8F-F6F6ADCE1E5C}.Ad-Hoc|x86.Deploy.0 = Release|x86
		{E0B54D80-F96A-4E64-8D8F-F6F6ADCE1E5C}.AppStore|Any CPU.ActiveCfg = Release|Any CPU
		{E0B54D80-F96A-4E64-8D8F-F6F6ADCE1E5C}.AppStore|Any CPU.Build.0 = Release|Any CPU
		{E0B54D80-F96A-4E64-8D8F-F6F6ADCE1E5C}.AppStore|Any CPU.Deploy.0 = Release|Any CPU
		{E0B54D80-F96A-4E64-8D8F-F6F6ADCE1E5C}.AppStore|ARM.ActiveCfg = Release|ARM
		{E0B54D80-F96A-4E64-8D8F-F6F6ADCE1E5C}.AppStore|ARM.Build.0 = Release|ARM
		{E0B54D80-F96A-4E64-8D8F-F6F6ADCE1E5C}.AppStore|ARM.Deploy.0 = Release|ARM
		{E0B54D80-F96A-4E64-8D8F-F6F6ADCE1E5C}.AppStore|iPhone.ActiveCfg = Release|Any CPU
		{E0B54D80-F96A-4E64-8D8F-F6F6ADCE1E5C}.AppStore|iPhone.Build.0 = Release|Any CPU
		{E0B54D80-F96A-4E64-8D8F-F6F6ADCE1E5C}.AppStore|iPhone.Deploy.0 = Release|Any CPU
		{E0B54D80-F96A-4E64-8D8F-F6F6ADCE1E5C}.AppStore|iPhoneSimulator.ActiveCfg = Release|Any CPU
		{E0B54D80-F96A-4E64-8D8F-F6F6ADCE1E5C}.AppStore|iPhoneSimulator.Build.0 = Release|Any CPU
		{E0B54D80-F96A-4E64-8D8F-F6F6ADCE1E5C}.AppStore|iPhoneSimulator.Deploy.0 = Release|Any CPU
		{E0B54D80-F96A-4E64-8D8F-F6F6ADCE1E5C}.AppStore|x64.ActiveCfg = Release|x64
		{E0B54D80-F96A-4E64-8D8F-F6F6ADCE1E5C}.AppStore|x64.Build.0 = Release|x64
		{E0B54D80-F96A-4E64-8D8F-F6F6ADCE1E5C}.AppStore|x64.Deploy.0 = Release|x64
		{E0B54D80-F96A-4E64-8D8F-F6F6ADCE1E5C}.AppStore|x86.ActiveCfg = Release|x86
		{E0B54D80-F96A-4E64-8D8F-F6F6ADCE1E5C}.AppStore|x86.Build.0 = Release|x86
		{E0B54D80-F96A-4E64-8D8F-F6F6ADCE1E5C}.AppStore|x86.Deploy.0 = Release|x86
		{E0B54D80-F96A-4E64-8D8F-F6F6ADCE1E5C}.Debug|Any CPU.ActiveCfg = Debug|Any CPU
		{E0B54D80-F96A-4E64-8D8F-F6F6ADCE1E5C}.Debug|Any CPU.Build.0 = Debug|Any CPU
		{E0B54D80-F96A-4E64-8D8F-F6F6ADCE1E5C}.Debug|Any CPU.Deploy.0 = Debug|Any CPU
		{E0B54D80-F96A-4E64-8D8F-F6F6ADCE1E5C}.Debug|ARM.ActiveCfg = Debug|ARM
		{E0B54D80-F96A-4E64-8D8F-F6F6ADCE1E5C}.Debug|ARM.Build.0 = Debug|ARM
		{E0B54D80-F96A-4E64-8D8F-F6F6ADCE1E5C}.Debug|ARM.Deploy.0 = Debug|ARM
		{E0B54D80-F96A-4E64-8D8F-F6F6ADCE1E5C}.Debug|iPhone.ActiveCfg = Debug|Any CPU
		{E0B54D80-F96A-4E64-8D8F-F6F6ADCE1E5C}.Debug|iPhone.Build.0 = Debug|Any CPU
		{E0B54D80-F96A-4E64-8D8F-F6F6ADCE1E5C}.Debug|iPhone.Deploy.0 = Debug|Any CPU
		{E0B54D80-F96A-4E64-8D8F-F6F6ADCE1E5C}.Debug|iPhoneSimulator.ActiveCfg = Debug|Any CPU
		{E0B54D80-F96A-4E64-8D8F-F6F6ADCE1E5C}.Debug|iPhoneSimulator.Build.0 = Debug|Any CPU
		{E0B54D80-F96A-4E64-8D8F-F6F6ADCE1E5C}.Debug|iPhoneSimulator.Deploy.0 = Debug|Any CPU
		{E0B54D80-F96A-4E64-8D8F-F6F6ADCE1E5C}.Debug|x64.ActiveCfg = Debug|x64
		{E0B54D80-F96A-4E64-8D8F-F6F6ADCE1E5C}.Debug|x64.Build.0 = Debug|x64
		{E0B54D80-F96A-4E64-8D8F-F6F6ADCE1E5C}.Debug|x64.Deploy.0 = Debug|x64
		{E0B54D80-F96A-4E64-8D8F-F6F6ADCE1E5C}.Debug|x86.ActiveCfg = Debug|x86
		{E0B54D80-F96A-4E64-8D8F-F6F6ADCE1E5C}.Debug|x86.Build.0 = Debug|x86
		{E0B54D80-F96A-4E64-8D8F-F6F6ADCE1E5C}.Debug|x86.Deploy.0 = Debug|x86
		{E0B54D80-F96A-4E64-8D8F-F6F6ADCE1E5C}.Release|Any CPU.ActiveCfg = Release|Any CPU
		{E0B54D80-F96A-4E64-8D8F-F6F6ADCE1E5C}.Release|Any CPU.Build.0 = Release|Any CPU
		{E0B54D80-F96A-4E64-8D8F-F6F6ADCE1E5C}.Release|Any CPU.Deploy.0 = Release|Any CPU
		{E0B54D80-F96A-4E64-8D8F-F6F6ADCE1E5C}.Release|ARM.ActiveCfg = Release|ARM
		{E0B54D80-F96A-4E64-8D8F-F6F6ADCE1E5C}.Release|ARM.Build.0 = Release|ARM
		{E0B54D80-F96A-4E64-8D8F-F6F6ADCE1E5C}.Release|ARM.Deploy.0 = Release|ARM
		{E0B54D80-F96A-4E64-8D8F-F6F6ADCE1E5C}.Release|iPhone.ActiveCfg = Release|Any CPU
		{E0B54D80-F96A-4E64-8D8F-F6F6ADCE1E5C}.Release|iPhone.Build.0 = Release|Any CPU
		{E0B54D80-F96A-4E64-8D8F-F6F6ADCE1E5C}.Release|iPhone.Deploy.0 = Release|Any CPU
		{E0B54D80-F96A-4E64-8D8F-F6F6ADCE1E5C}.Release|iPhoneSimulator.ActiveCfg = Release|Any CPU
		{E0B54D80-F96A-4E64-8D8F-F6F6ADCE1E5C}.Release|iPhoneSimulator.Build.0 = Release|Any CPU
		{E0B54D80-F96A-4E64-8D8F-F6F6ADCE1E5C}.Release|iPhoneSimulator.Deploy.0 = Release|Any CPU
		{E0B54D80-F96A-4E64-8D8F-F6F6ADCE1E5C}.Release|x64.ActiveCfg = Release|x64
		{E0B54D80-F96A-4E64-8D8F-F6F6ADCE1E5C}.Release|x64.Build.0 = Release|x64
		{E0B54D80-F96A-4E64-8D8F-F6F6ADCE1E5C}.Release|x64.Deploy.0 = Release|x64
		{E0B54D80-F96A-4E64-8D8F-F6F6ADCE1E5C}.Release|x86.ActiveCfg = Release|x86
		{E0B54D80-F96A-4E64-8D8F-F6F6ADCE1E5C}.Release|x86.Build.0 = Release|x86
		{E0B54D80-F96A-4E64-8D8F-F6F6ADCE1E5C}.Release|x86.Deploy.0 = Release|x86
	EndGlobalSection
	GlobalSection(SolutionProperties) = preSolution
		HideSolutionNode = FALSE
	EndGlobalSection
EndGlobal
